// !$*UTF8*$!
{
	archiveVersion = 1;
	classes = {
	};
	objectVersion = 46;
	objects = {

/* Begin PBXBuildFile section */
		27DC2010F63560A80868E860 /* TMTTabItem.h in Headers */ = {isa = PBXBuildFile; fileRef = 27DC2F6B49D398FB6179270D /* TMTTabItem.h */; settings = {ATTRIBUTES = (Public, ); }; };
		27DC2042C88D46BCD42115EE /* NSTextFieldCell+VerticalAlignment.m in Sources */ = {isa = PBXBuildFile; fileRef = 27DC2A4099205B00D16B9487 /* NSTextFieldCell+VerticalAlignment.m */; };
		27DC2196A91ABDDFE0E980A0 /* TMTTabBarStyle.h in Headers */ = {isa = PBXBuildFile; fileRef = 27DC224E686BAB899674E034 /* TMTTabBarStyle.h */; };
		27DC21A83CD8F04B274AF337 /* TMTTabBarLayoutManager.m in Sources */ = {isa = PBXBuildFile; fileRef = 27DC21B650BF44C5135BC3D8 /* TMTTabBarLayoutManager.m */; };
		27DC221B74E22DA14EFC26F4 /* NSTextFieldCell+VerticalAlignment.h in Headers */ = {isa = PBXBuildFile; fileRef = 27DC245EF03AA03B74C4C6F7 /* NSTextFieldCell+VerticalAlignment.h */; };
		27DC221E5C0FCC19872C7292 /* TMTTabItemStackTest.m in Sources */ = {isa = PBXBuildFile; fileRef = 27DC2B6AA3C5C56BA0D9123A /* TMTTabItemStackTest.m */; };
		27DC22322218F5F6361AA47D /* TMTTabViewContainer.h in Headers */ = {isa = PBXBuildFile; fileRef = 27DC2FE1013D225BD6CB157D /* TMTTabViewContainer.h */; settings = {ATTRIBUTES = (Public, ); }; };
		27DC22E6B2597A09EB7FA09C /* TMTTabItemStyle.m in Sources */ = {isa = PBXBuildFile; fileRef = 27DC2638D8B59451514AB23C /* TMTTabItemStyle.m */; };
		27DC246E6BB6CAD332AAB0B2 /* TMTTabTitleView.h in Headers */ = {isa = PBXBuildFile; fileRef = 27DC2604D0D7C5F9166DC076 /* TMTTabTitleView.h */; };
		27DC2474B5DF0F5284BE6BAE /* TMTTabTitleView.m in Sources */ = {isa = PBXBuildFile; fileRef = 27DC2C26945D68AF9227DB84 /* TMTTabTitleView.m */; };
		27DC25AE666D97C26D30151F /* TMTTabItemStack.m in Sources */ = {isa = PBXBuildFile; fileRef = 27DC242783BB4324C926398B /* TMTTabItemStack.m */; };
		27DC25B03EF9F863DCCDA37D /* TMTTabViewController.h in Headers */ = {isa = PBXBuildFile; fileRef = 27DC287F34D1D9163048E70A /* TMTTabViewController.h */; settings = {ATTRIBUTES = (Public, ); }; };
		27DC27C41B5F3588512DB305 /* TMTRenderingHints.m in Sources */ = {isa = PBXBuildFile; fileRef = 27DC24E65690ADB93464AB51 /* TMTRenderingHints.m */; };
		27DC280050081CD1FB0781CE /* TMTTabItemDelegate.h in Headers */ = {isa = PBXBuildFile; fileRef = 27DC2778B965411D2CEABE2E /* TMTTabItemDelegate.h */; settings = {ATTRIBUTES = (Public, ); }; };
		27DC28047C3A78F9465B4AC7 /* TMTTabBarView.m in Sources */ = {isa = PBXBuildFile; fileRef = 27DC2BA988611CE8EC66844D /* TMTTabBarView.m */; };
		27DC2921CE2FF544313F2B6A /* TMTTabViewContainer.m in Sources */ = {isa = PBXBuildFile; fileRef = 27DC248D7A3853B8853AEB4B /* TMTTabViewContainer.m */; };
		27DC2A1EB4CC5B4978E9CEEE /* TMTTabViewDelegate.h in Headers */ = {isa = PBXBuildFile; fileRef = 27DC241A4BE5F9BBA1F1AB0F /* TMTTabViewDelegate.h */; settings = {ATTRIBUTES = (Public, ); }; };
		27DC2A70528DE4199E2DEE27 /* TMTRenderingHints.h in Headers */ = {isa = PBXBuildFile; fileRef = 27DC285464A6C5E277ACEFE7 /* TMTRenderingHints.h */; };
		27DC2AE08D1DAF3B7684D79E /* TMTTabBarDelegate.h in Headers */ = {isa = PBXBuildFile; fileRef = 27DC2FC05579E2F6E7A54657 /* TMTTabBarDelegate.h */; settings = {ATTRIBUTES = (Public, ); }; };
		27DC2B5016ED4BF137675D07 /* TMTTabItemView.m in Sources */ = {isa = PBXBuildFile; fileRef = 27DC2E64B8AF846A45C725B0 /* TMTTabItemView.m */; };
		27DC2C42FAD0F06A1BF7A05A /* TMTTabItemStack.h in Headers */ = {isa = PBXBuildFile; fileRef = 27DC2FCFDA7B56A79ACFBA08 /* TMTTabItemStack.h */; settings = {ATTRIBUTES = (Public, ); }; };
		27DC2CB1CE2691AB17A10A36 /* TMTTabItem.m in Sources */ = {isa = PBXBuildFile; fileRef = 27DC23C168EF9DC8259BC1B1 /* TMTTabItem.m */; };
		27DC2CD367030FA7F4BC4448 /* TMTTabItemView.h in Headers */ = {isa = PBXBuildFile; fileRef = 27DC23FA017A5937FBCE40C4 /* TMTTabItemView.h */; settings = {ATTRIBUTES = (Public, ); }; };
		27DC2E25CDEE45CC0D8D4FF7 /* TMTTabBarView.h in Headers */ = {isa = PBXBuildFile; fileRef = 27DC2F3171ACB960485D5965 /* TMTTabBarView.h */; settings = {ATTRIBUTES = (Public, ); }; };
		27DC2E4A913163FCB475630C /* TMTTabBarStyle.m in Sources */ = {isa = PBXBuildFile; fileRef = 27DC28A4F2175D2AAFA58C39 /* TMTTabBarStyle.m */; };
		27DC2F008BB6C3FBF07F1399 /* TMTTabBarViewTest.m in Sources */ = {isa = PBXBuildFile; fileRef = 27DC2CE068C12A83456C596D /* TMTTabBarViewTest.m */; };
		27DC2F085E8BB958F8C4345E /* TMTTabItemStyle.h in Headers */ = {isa = PBXBuildFile; fileRef = 27DC28F06A52D38BA0E2B2EE /* TMTTabItemStyle.h */; };
		27DC2F77D3AACEFFDC16B3F9 /* TMTTabBarLayoutManager.h in Headers */ = {isa = PBXBuildFile; fileRef = 27DC26DCDE6CF4DAB2CE959F /* TMTTabBarLayoutManager.h */; };
		3212A180311C8D623669BC19 /* libPods-TMTTabBarTests.a in Frameworks */ = {isa = PBXBuildFile; fileRef = BB89892152491EE55A109117 /* libPods-TMTTabBarTests.a */; };
		C0C972D24C599272B31A9D9D /* libPods-TMTTabBarDemo.a in Frameworks */ = {isa = PBXBuildFile; fileRef = 8823240EE834870B2FF0A5F1 /* libPods-TMTTabBarDemo.a */; };
		D22108BC1BDD680000852E6B /* AppDelegate.m in Sources */ = {isa = PBXBuildFile; fileRef = D22108BB1BDD680000852E6B /* AppDelegate.m */; };
		D22108BF1BDD680000852E6B /* main.m in Sources */ = {isa = PBXBuildFile; fileRef = D22108BE1BDD680000852E6B /* main.m */; };
		D22108C11BDD680000852E6B /* Assets.xcassets in Resources */ = {isa = PBXBuildFile; fileRef = D22108C01BDD680000852E6B /* Assets.xcassets */; };
		D22108C41BDD680000852E6B /* MainMenu.xib in Resources */ = {isa = PBXBuildFile; fileRef = D22108C21BDD680000852E6B /* MainMenu.xib */; };
		D22108E11BDD738800852E6B /* TMTTabBar.h in Headers */ = {isa = PBXBuildFile; fileRef = D22108E01BDD738800852E6B /* TMTTabBar.h */; settings = {ATTRIBUTES = (Public, ); }; };
		D228D6A51BDDE4BD00A88303 /* TMTTabBarTests.m in Sources */ = {isa = PBXBuildFile; fileRef = D228D6A41BDDE4BD00A88303 /* TMTTabBarTests.m */; };
		D228D6A71BDDE4BD00A88303 /* TMTTabBar.framework in Frameworks */ = {isa = PBXBuildFile; fileRef = D221089A1BDD67E400852E6B /* TMTTabBar.framework */; };
		D2C57DDC1BE3D01B0056CF91 /* TMTTabViewController.m in Sources */ = {isa = PBXBuildFile; fileRef = D2C57DDB1BE3D01B0056CF91 /* TMTTabViewController.m */; };
/* End PBXBuildFile section */

/* Begin PBXContainerItemProxy section */
		D228D6A81BDDE4BD00A88303 /* PBXContainerItemProxy */ = {
			isa = PBXContainerItemProxy;
			containerPortal = D22108911BDD67E400852E6B /* Project object */;
			proxyType = 1;
			remoteGlobalIDString = D22108991BDD67E400852E6B;
			remoteInfo = TMTTabBar;
		};
/* End PBXContainerItemProxy section */

/* Begin PBXFileReference section */
		27DC21B650BF44C5135BC3D8 /* TMTTabBarLayoutManager.m */ = {isa = PBXFileReference; fileEncoding = 4; lastKnownFileType = sourcecode.c.objc; path = TMTTabBarLayoutManager.m; sourceTree = "<group>"; };
		27DC224E686BAB899674E034 /* TMTTabBarStyle.h */ = {isa = PBXFileReference; fileEncoding = 4; lastKnownFileType = sourcecode.c.h; path = TMTTabBarStyle.h; sourceTree = "<group>"; };
		27DC23C168EF9DC8259BC1B1 /* TMTTabItem.m */ = {isa = PBXFileReference; fileEncoding = 4; lastKnownFileType = sourcecode.c.objc; path = TMTTabItem.m; sourceTree = "<group>"; };
		27DC23FA017A5937FBCE40C4 /* TMTTabItemView.h */ = {isa = PBXFileReference; fileEncoding = 4; lastKnownFileType = sourcecode.c.h; path = TMTTabItemView.h; sourceTree = "<group>"; };
		27DC241A4BE5F9BBA1F1AB0F /* TMTTabViewDelegate.h */ = {isa = PBXFileReference; fileEncoding = 4; lastKnownFileType = sourcecode.c.h; path = TMTTabViewDelegate.h; sourceTree = "<group>"; };
		27DC242783BB4324C926398B /* TMTTabItemStack.m */ = {isa = PBXFileReference; fileEncoding = 4; lastKnownFileType = sourcecode.c.objc; path = TMTTabItemStack.m; sourceTree = "<group>"; };
		27DC245EF03AA03B74C4C6F7 /* NSTextFieldCell+VerticalAlignment.h */ = {isa = PBXFileReference; fileEncoding = 4; lastKnownFileType = sourcecode.c.h; path = "NSTextFieldCell+VerticalAlignment.h"; sourceTree = "<group>"; };
		27DC248D7A3853B8853AEB4B /* TMTTabViewContainer.m */ = {isa = PBXFileReference; fileEncoding = 4; lastKnownFileType = sourcecode.c.objc; path = TMTTabViewContainer.m; sourceTree = "<group>"; };
		27DC24E65690ADB93464AB51 /* TMTRenderingHints.m */ = {isa = PBXFileReference; fileEncoding = 4; lastKnownFileType = sourcecode.c.objc; path = TMTRenderingHints.m; sourceTree = "<group>"; };
		27DC2604D0D7C5F9166DC076 /* TMTTabTitleView.h */ = {isa = PBXFileReference; fileEncoding = 4; lastKnownFileType = sourcecode.c.h; path = TMTTabTitleView.h; sourceTree = "<group>"; };
		27DC2638D8B59451514AB23C /* TMTTabItemStyle.m */ = {isa = PBXFileReference; fileEncoding = 4; lastKnownFileType = sourcecode.c.objc; path = TMTTabItemStyle.m; sourceTree = "<group>"; };
		27DC26DCDE6CF4DAB2CE959F /* TMTTabBarLayoutManager.h */ = {isa = PBXFileReference; fileEncoding = 4; lastKnownFileType = sourcecode.c.h; path = TMTTabBarLayoutManager.h; sourceTree = "<group>"; };
		27DC2778B965411D2CEABE2E /* TMTTabItemDelegate.h */ = {isa = PBXFileReference; fileEncoding = 4; lastKnownFileType = sourcecode.c.h; path = TMTTabItemDelegate.h; sourceTree = "<group>"; };
		27DC285464A6C5E277ACEFE7 /* TMTRenderingHints.h */ = {isa = PBXFileReference; fileEncoding = 4; lastKnownFileType = sourcecode.c.h; path = TMTRenderingHints.h; sourceTree = "<group>"; };
		27DC287F34D1D9163048E70A /* TMTTabViewController.h */ = {isa = PBXFileReference; fileEncoding = 4; lastKnownFileType = sourcecode.c.h; path = TMTTabViewController.h; sourceTree = "<group>"; };
		27DC28A4F2175D2AAFA58C39 /* TMTTabBarStyle.m */ = {isa = PBXFileReference; fileEncoding = 4; lastKnownFileType = sourcecode.c.objc; path = TMTTabBarStyle.m; sourceTree = "<group>"; };
		27DC28F06A52D38BA0E2B2EE /* TMTTabItemStyle.h */ = {isa = PBXFileReference; fileEncoding = 4; lastKnownFileType = sourcecode.c.h; path = TMTTabItemStyle.h; sourceTree = "<group>"; };
		27DC2A4099205B00D16B9487 /* NSTextFieldCell+VerticalAlignment.m */ = {isa = PBXFileReference; fileEncoding = 4; lastKnownFileType = sourcecode.c.objc; path = "NSTextFieldCell+VerticalAlignment.m"; sourceTree = "<group>"; };
		27DC2B6AA3C5C56BA0D9123A /* TMTTabItemStackTest.m */ = {isa = PBXFileReference; fileEncoding = 4; lastKnownFileType = sourcecode.c.objc; path = TMTTabItemStackTest.m; sourceTree = "<group>"; };
		27DC2BA988611CE8EC66844D /* TMTTabBarView.m */ = {isa = PBXFileReference; fileEncoding = 4; lastKnownFileType = sourcecode.c.objc; path = TMTTabBarView.m; sourceTree = "<group>"; };
		27DC2C26945D68AF9227DB84 /* TMTTabTitleView.m */ = {isa = PBXFileReference; fileEncoding = 4; lastKnownFileType = sourcecode.c.objc; path = TMTTabTitleView.m; sourceTree = "<group>"; };
		27DC2CE068C12A83456C596D /* TMTTabBarViewTest.m */ = {isa = PBXFileReference; fileEncoding = 4; lastKnownFileType = sourcecode.c.objc; path = TMTTabBarViewTest.m; sourceTree = "<group>"; };
		27DC2E64B8AF846A45C725B0 /* TMTTabItemView.m */ = {isa = PBXFileReference; fileEncoding = 4; lastKnownFileType = sourcecode.c.objc; path = TMTTabItemView.m; sourceTree = "<group>"; };
		27DC2F3171ACB960485D5965 /* TMTTabBarView.h */ = {isa = PBXFileReference; fileEncoding = 4; lastKnownFileType = sourcecode.c.h; path = TMTTabBarView.h; sourceTree = "<group>"; };
		27DC2F6B49D398FB6179270D /* TMTTabItem.h */ = {isa = PBXFileReference; fileEncoding = 4; lastKnownFileType = sourcecode.c.h; path = TMTTabItem.h; sourceTree = "<group>"; };
		27DC2FC05579E2F6E7A54657 /* TMTTabBarDelegate.h */ = {isa = PBXFileReference; fileEncoding = 4; lastKnownFileType = sourcecode.c.h; path = TMTTabBarDelegate.h; sourceTree = "<group>"; };
		27DC2FCFDA7B56A79ACFBA08 /* TMTTabItemStack.h */ = {isa = PBXFileReference; fileEncoding = 4; lastKnownFileType = sourcecode.c.h; path = TMTTabItemStack.h; sourceTree = "<group>"; };
		27DC2FE1013D225BD6CB157D /* TMTTabViewContainer.h */ = {isa = PBXFileReference; fileEncoding = 4; lastKnownFileType = sourcecode.c.h; path = TMTTabViewContainer.h; sourceTree = "<group>"; };
		2A617DA777F0F02A7CC641AB /* Pods-TMTTabBarTests.release.xcconfig */ = {isa = PBXFileReference; includeInIndex = 1; lastKnownFileType = text.xcconfig; name = "Pods-TMTTabBarTests.release.xcconfig"; path = "Pods/Target Support Files/Pods-TMTTabBarTests/Pods-TMTTabBarTests.release.xcconfig"; sourceTree = "<group>"; };
		8823240EE834870B2FF0A5F1 /* libPods-TMTTabBarDemo.a */ = {isa = PBXFileReference; explicitFileType = archive.ar; includeInIndex = 0; path = "libPods-TMTTabBarDemo.a"; sourceTree = BUILT_PRODUCTS_DIR; };
		8BE190AFB923B1D6301DF3E0 /* Pods-TMTTabBarDemo.release.xcconfig */ = {isa = PBXFileReference; includeInIndex = 1; lastKnownFileType = text.xcconfig; name = "Pods-TMTTabBarDemo.release.xcconfig"; path = "Pods/Target Support Files/Pods-TMTTabBarDemo/Pods-TMTTabBarDemo.release.xcconfig"; sourceTree = "<group>"; };
		A3606C787B438A0487DE49B6 /* Pods-TMTTabBarDemo.debug.xcconfig */ = {isa = PBXFileReference; includeInIndex = 1; lastKnownFileType = text.xcconfig; name = "Pods-TMTTabBarDemo.debug.xcconfig"; path = "Pods/Target Support Files/Pods-TMTTabBarDemo/Pods-TMTTabBarDemo.debug.xcconfig"; sourceTree = "<group>"; };
		B07D4565316AE779BB11F1EE /* Pods-TMTTabBarTests.debug.xcconfig */ = {isa = PBXFileReference; includeInIndex = 1; lastKnownFileType = text.xcconfig; name = "Pods-TMTTabBarTests.debug.xcconfig"; path = "Pods/Target Support Files/Pods-TMTTabBarTests/Pods-TMTTabBarTests.debug.xcconfig"; sourceTree = "<group>"; };
		BB89892152491EE55A109117 /* libPods-TMTTabBarTests.a */ = {isa = PBXFileReference; explicitFileType = archive.ar; includeInIndex = 0; path = "libPods-TMTTabBarTests.a"; sourceTree = BUILT_PRODUCTS_DIR; };
		D221089A1BDD67E400852E6B /* TMTTabBar.framework */ = {isa = PBXFileReference; explicitFileType = wrapper.framework; includeInIndex = 0; path = TMTTabBar.framework; sourceTree = BUILT_PRODUCTS_DIR; };
		D22108B81BDD680000852E6B /* TMTTabBarDemo.app */ = {isa = PBXFileReference; explicitFileType = wrapper.application; includeInIndex = 0; path = TMTTabBarDemo.app; sourceTree = BUILT_PRODUCTS_DIR; };
		D22108BA1BDD680000852E6B /* AppDelegate.h */ = {isa = PBXFileReference; lastKnownFileType = sourcecode.c.h; path = AppDelegate.h; sourceTree = "<group>"; };
		D22108BB1BDD680000852E6B /* AppDelegate.m */ = {isa = PBXFileReference; lastKnownFileType = sourcecode.c.objc; path = AppDelegate.m; sourceTree = "<group>"; };
		D22108BE1BDD680000852E6B /* main.m */ = {isa = PBXFileReference; lastKnownFileType = sourcecode.c.objc; path = main.m; sourceTree = "<group>"; };
		D22108C01BDD680000852E6B /* Assets.xcassets */ = {isa = PBXFileReference; lastKnownFileType = folder.assetcatalog; path = Assets.xcassets; sourceTree = "<group>"; };
		D22108C31BDD680000852E6B /* Base */ = {isa = PBXFileReference; lastKnownFileType = file.xib; name = Base; path = Base.lproj/MainMenu.xib; sourceTree = "<group>"; };
		D22108C51BDD680000852E6B /* Info.plist */ = {isa = PBXFileReference; lastKnownFileType = text.plist.xml; path = Info.plist; sourceTree = "<group>"; };
		D22108D11BDD737200852E6B /* Info.plist */ = {isa = PBXFileReference; fileEncoding = 4; lastKnownFileType = text.plist.xml; path = Info.plist; sourceTree = "<group>"; };
		D22108E01BDD738800852E6B /* TMTTabBar.h */ = {isa = PBXFileReference; fileEncoding = 4; lastKnownFileType = sourcecode.c.h; path = TMTTabBar.h; sourceTree = "<group>"; };
		D228D6A21BDDE4BD00A88303 /* TMTTabBarTests.xctest */ = {isa = PBXFileReference; explicitFileType = wrapper.cfbundle; includeInIndex = 0; path = TMTTabBarTests.xctest; sourceTree = BUILT_PRODUCTS_DIR; };
		D228D6A41BDDE4BD00A88303 /* TMTTabBarTests.m */ = {isa = PBXFileReference; lastKnownFileType = sourcecode.c.objc; path = TMTTabBarTests.m; sourceTree = "<group>"; };
		D228D6A61BDDE4BD00A88303 /* Info.plist */ = {isa = PBXFileReference; lastKnownFileType = text.plist.xml; path = Info.plist; sourceTree = "<group>"; };
		D2C57DDB1BE3D01B0056CF91 /* TMTTabViewController.m */ = {isa = PBXFileReference; fileEncoding = 4; lastKnownFileType = sourcecode.c.objc; path = TMTTabViewController.m; sourceTree = "<group>"; };
/* End PBXFileReference section */

/* Begin PBXFrameworksBuildPhase section */
		D22108961BDD67E400852E6B /* Frameworks */ = {
			isa = PBXFrameworksBuildPhase;
			buildActionMask = 2147483647;
			files = (
			);
			runOnlyForDeploymentPostprocessing = 0;
		};
		D22108B51BDD680000852E6B /* Frameworks */ = {
			isa = PBXFrameworksBuildPhase;
			buildActionMask = 2147483647;
			files = (
				C0C972D24C599272B31A9D9D /* libPods-TMTTabBarDemo.a in Frameworks */,
			);
			runOnlyForDeploymentPostprocessing = 0;
		};
		D228D69F1BDDE4BD00A88303 /* Frameworks */ = {
			isa = PBXFrameworksBuildPhase;
			buildActionMask = 2147483647;
			files = (
				D228D6A71BDDE4BD00A88303 /* TMTTabBar.framework in Frameworks */,
				3212A180311C8D623669BC19 /* libPods-TMTTabBarTests.a in Frameworks */,
			);
			runOnlyForDeploymentPostprocessing = 0;
		};
/* End PBXFrameworksBuildPhase section */

/* Begin PBXGroup section */
		27DC226680F5A5905503046B /* Views */ = {
			isa = PBXGroup;
			children = (
				27DC2E64B8AF846A45C725B0 /* TMTTabItemView.m */,
				27DC2BA988611CE8EC66844D /* TMTTabBarView.m */,
				27DC2F3171ACB960485D5965 /* TMTTabBarView.h */,
				27DC23FA017A5937FBCE40C4 /* TMTTabItemView.h */,
				27DC2C26945D68AF9227DB84 /* TMTTabTitleView.m */,
				27DC2604D0D7C5F9166DC076 /* TMTTabTitleView.h */,
				27DC2A4099205B00D16B9487 /* NSTextFieldCell+VerticalAlignment.m */,
				27DC245EF03AA03B74C4C6F7 /* NSTextFieldCell+VerticalAlignment.h */,
				27DC248D7A3853B8853AEB4B /* TMTTabViewContainer.m */,
				27DC2FE1013D225BD6CB157D /* TMTTabViewContainer.h */,
				27DC21B650BF44C5135BC3D8 /* TMTTabBarLayoutManager.m */,
				27DC26DCDE6CF4DAB2CE959F /* TMTTabBarLayoutManager.h */,
				27DC2FC05579E2F6E7A54657 /* TMTTabBarDelegate.h */,
				27DC2778B965411D2CEABE2E /* TMTTabItemDelegate.h */,
			);
			path = Views;
			sourceTree = "<group>";
		};
		27DC25669B26E54523DD6128 /* Container */ = {
			isa = PBXGroup;
			children = (
				27DC242783BB4324C926398B /* TMTTabItemStack.m */,
				27DC2FCFDA7B56A79ACFBA08 /* TMTTabItemStack.h */,
				27DC23C168EF9DC8259BC1B1 /* TMTTabItem.m */,
				27DC2F6B49D398FB6179270D /* TMTTabItem.h */,
			);
			path = Container;
			sourceTree = "<group>";
		};
		27DC2634C2A4C2877295325C /* Styles */ = {
			isa = PBXGroup;
			children = (
				27DC28F06A52D38BA0E2B2EE /* TMTTabItemStyle.h */,
				27DC2638D8B59451514AB23C /* TMTTabItemStyle.m */,
				27DC28A4F2175D2AAFA58C39 /* TMTTabBarStyle.m */,
				27DC224E686BAB899674E034 /* TMTTabBarStyle.h */,
				27DC24E65690ADB93464AB51 /* TMTRenderingHints.m */,
				27DC285464A6C5E277ACEFE7 /* TMTRenderingHints.h */,
			);
			path = Styles;
			sourceTree = "<group>";
		};
		56028DE1E5DE393F7B7A047A /* Frameworks */ = {
			isa = PBXGroup;
			children = (
				8823240EE834870B2FF0A5F1 /* libPods-TMTTabBarDemo.a */,
				BB89892152491EE55A109117 /* libPods-TMTTabBarTests.a */,
			);
			name = Frameworks;
			sourceTree = "<group>";
		};
		D22108901BDD67E400852E6B = {
			isa = PBXGroup;
			children = (
				D22108D01BDD737200852E6B /* TMTTabBar */,
				D22108B91BDD680000852E6B /* TMTTabBarDemo */,
				D228D6A31BDDE4BD00A88303 /* TMTTabBarTests */,
				D221089B1BDD67E400852E6B /* Products */,
				E5F2EC3C1A809C0484A79CD5 /* Pods */,
				56028DE1E5DE393F7B7A047A /* Frameworks */,
			);
			sourceTree = "<group>";
		};
		D221089B1BDD67E400852E6B /* Products */ = {
			isa = PBXGroup;
			children = (
				D221089A1BDD67E400852E6B /* TMTTabBar.framework */,
				D22108B81BDD680000852E6B /* TMTTabBarDemo.app */,
				D228D6A21BDDE4BD00A88303 /* TMTTabBarTests.xctest */,
			);
			name = Products;
			sourceTree = "<group>";
		};
		D22108B91BDD680000852E6B /* TMTTabBarDemo */ = {
			isa = PBXGroup;
			children = (
				D22108BA1BDD680000852E6B /* AppDelegate.h */,
				D22108BB1BDD680000852E6B /* AppDelegate.m */,
				D22108C01BDD680000852E6B /* Assets.xcassets */,
				D22108C21BDD680000852E6B /* MainMenu.xib */,
				D22108C51BDD680000852E6B /* Info.plist */,
				D22108BD1BDD680000852E6B /* Supporting Files */,
			);
			path = TMTTabBarDemo;
			sourceTree = "<group>";
		};
		D22108BD1BDD680000852E6B /* Supporting Files */ = {
			isa = PBXGroup;
			children = (
				D22108BE1BDD680000852E6B /* main.m */,
			);
			name = "Supporting Files";
			sourceTree = "<group>";
		};
		D22108D01BDD737200852E6B /* TMTTabBar */ = {
			isa = PBXGroup;
			children = (
				D2C57DDB1BE3D01B0056CF91 /* TMTTabViewController.m */,
				D22108D11BDD737200852E6B /* Info.plist */,
				D22108E01BDD738800852E6B /* TMTTabBar.h */,
				27DC226680F5A5905503046B /* Views */,
				27DC2634C2A4C2877295325C /* Styles */,
				27DC287F34D1D9163048E70A /* TMTTabViewController.h */,
				27DC25669B26E54523DD6128 /* Container */,
				27DC241A4BE5F9BBA1F1AB0F /* TMTTabViewDelegate.h */,
			);
			path = TMTTabBar;
			sourceTree = "<group>";
		};
		D228D6A31BDDE4BD00A88303 /* TMTTabBarTests */ = {
			isa = PBXGroup;
			children = (
				D228D6A41BDDE4BD00A88303 /* TMTTabBarTests.m */,
				D228D6A61BDDE4BD00A88303 /* Info.plist */,
				27DC2CE068C12A83456C596D /* TMTTabBarViewTest.m */,
				27DC2B6AA3C5C56BA0D9123A /* TMTTabItemStackTest.m */,
			);
			path = TMTTabBarTests;
			sourceTree = "<group>";
		};
		E5F2EC3C1A809C0484A79CD5 /* Pods */ = {
			isa = PBXGroup;
			children = (
				A3606C787B438A0487DE49B6 /* Pods-TMTTabBarDemo.debug.xcconfig */,
				8BE190AFB923B1D6301DF3E0 /* Pods-TMTTabBarDemo.release.xcconfig */,
				B07D4565316AE779BB11F1EE /* Pods-TMTTabBarTests.debug.xcconfig */,
				2A617DA777F0F02A7CC641AB /* Pods-TMTTabBarTests.release.xcconfig */,
			);
			name = Pods;
			sourceTree = "<group>";
		};
/* End PBXGroup section */

/* Begin PBXHeadersBuildPhase section */
		D22108971BDD67E400852E6B /* Headers */ = {
			isa = PBXHeadersBuildPhase;
			buildActionMask = 2147483647;
			files = (
				D22108E11BDD738800852E6B /* TMTTabBar.h in Headers */,
				27DC2E25CDEE45CC0D8D4FF7 /* TMTTabBarView.h in Headers */,
				27DC2CD367030FA7F4BC4448 /* TMTTabItemView.h in Headers */,
				27DC2C42FAD0F06A1BF7A05A /* TMTTabItemStack.h in Headers */,
				27DC2010F63560A80868E860 /* TMTTabItem.h in Headers */,
				27DC22322218F5F6361AA47D /* TMTTabViewContainer.h in Headers */,
				27DC25B03EF9F863DCCDA37D /* TMTTabViewController.h in Headers */,
				27DC2F085E8BB958F8C4345E /* TMTTabItemStyle.h in Headers */,
				27DC246E6BB6CAD332AAB0B2 /* TMTTabTitleView.h in Headers */,
				27DC221B74E22DA14EFC26F4 /* NSTextFieldCell+VerticalAlignment.h in Headers */,
				27DC2F77D3AACEFFDC16B3F9 /* TMTTabBarLayoutManager.h in Headers */,
				27DC2196A91ABDDFE0E980A0 /* TMTTabBarStyle.h in Headers */,
				27DC2A70528DE4199E2DEE27 /* TMTRenderingHints.h in Headers */,
				27DC2AE08D1DAF3B7684D79E /* TMTTabBarDelegate.h in Headers */,
				27DC280050081CD1FB0781CE /* TMTTabItemDelegate.h in Headers */,
				27DC2A1EB4CC5B4978E9CEEE /* TMTTabViewDelegate.h in Headers */,
			);
			runOnlyForDeploymentPostprocessing = 0;
		};
/* End PBXHeadersBuildPhase section */

/* Begin PBXNativeTarget section */
		D22108991BDD67E400852E6B /* TMTTabBar */ = {
			isa = PBXNativeTarget;
			buildConfigurationList = D22108AE1BDD67E400852E6B /* Build configuration list for PBXNativeTarget "TMTTabBar" */;
			buildPhases = (
				D22108951BDD67E400852E6B /* Sources */,
				D22108961BDD67E400852E6B /* Frameworks */,
				D22108971BDD67E400852E6B /* Headers */,
				D22108981BDD67E400852E6B /* Resources */,
			);
			buildRules = (
			);
			dependencies = (
			);
			name = TMTTabBar;
			productName = TMTTabBarView;
			productReference = D221089A1BDD67E400852E6B /* TMTTabBar.framework */;
			productType = "com.apple.product-type.framework";
		};
		D22108B71BDD680000852E6B /* TMTTabBarDemo */ = {
			isa = PBXNativeTarget;
			buildConfigurationList = D22108C61BDD680000852E6B /* Build configuration list for PBXNativeTarget "TMTTabBarDemo" */;
			buildPhases = (
				333870680E4B02C1CCB13404 /* Check Pods Manifest.lock */,
				D22108B41BDD680000852E6B /* Sources */,
				D22108B51BDD680000852E6B /* Frameworks */,
				D22108B61BDD680000852E6B /* Resources */,
				C62236B40E7F49E3AD78FC07 /* Embed Pods Frameworks */,
				60D9EF7D8F5772F87702C2DE /* Copy Pods Resources */,
			);
			buildRules = (
			);
			dependencies = (
			);
			name = TMTTabBarDemo;
			productName = TMTTabBarDemo;
			productReference = D22108B81BDD680000852E6B /* TMTTabBarDemo.app */;
			productType = "com.apple.product-type.application";
		};
		D228D6A11BDDE4BD00A88303 /* TMTTabBarTests */ = {
			isa = PBXNativeTarget;
			buildConfigurationList = D228D6AA1BDDE4BD00A88303 /* Build configuration list for PBXNativeTarget "TMTTabBarTests" */;
			buildPhases = (
				BE4CF4B2E83EA6FDB5FE81BF /* Check Pods Manifest.lock */,
				D228D69E1BDDE4BD00A88303 /* Sources */,
				D228D69F1BDDE4BD00A88303 /* Frameworks */,
				D228D6A01BDDE4BD00A88303 /* Resources */,
				DC00326AD36A3F50D70EB23C /* Embed Pods Frameworks */,
				F8FAB6404B48F20FFD813898 /* Copy Pods Resources */,
			);
			buildRules = (
			);
			dependencies = (
				D228D6A91BDDE4BD00A88303 /* PBXTargetDependency */,
			);
			name = TMTTabBarTests;
			productName = TMTTabBarTests;
			productReference = D228D6A21BDDE4BD00A88303 /* TMTTabBarTests.xctest */;
			productType = "com.apple.product-type.bundle.unit-test";
		};
/* End PBXNativeTarget section */

/* Begin PBXProject section */
		D22108911BDD67E400852E6B /* Project object */ = {
			isa = PBXProject;
			attributes = {
				CLASSPREFIX = TMT;
				LastUpgradeCheck = 0710;
				ORGANIZATIONNAME = "Tobias Mende";
				TargetAttributes = {
					D22108991BDD67E400852E6B = {
						CreatedOnToolsVersion = 7.1;
					};
					D22108B71BDD680000852E6B = {
						CreatedOnToolsVersion = 7.1;
					};
					D228D6A11BDDE4BD00A88303 = {
						CreatedOnToolsVersion = 7.1;
					};
				};
			};
			buildConfigurationList = D22108941BDD67E400852E6B /* Build configuration list for PBXProject "TMTTabBar" */;
			compatibilityVersion = "Xcode 3.2";
			developmentRegion = English;
			hasScannedForEncodings = 0;
			knownRegions = (
				en,
				Base,
			);
			mainGroup = D22108901BDD67E400852E6B;
			productRefGroup = D221089B1BDD67E400852E6B /* Products */;
			projectDirPath = "";
			projectRoot = "";
			targets = (
				D22108991BDD67E400852E6B /* TMTTabBar */,
				D22108B71BDD680000852E6B /* TMTTabBarDemo */,
				D228D6A11BDDE4BD00A88303 /* TMTTabBarTests */,
			);
		};
/* End PBXProject section */

/* Begin PBXResourcesBuildPhase section */
		D22108981BDD67E400852E6B /* Resources */ = {
			isa = PBXResourcesBuildPhase;
			buildActionMask = 2147483647;
			files = (
			);
			runOnlyForDeploymentPostprocessing = 0;
		};
		D22108B61BDD680000852E6B /* Resources */ = {
			isa = PBXResourcesBuildPhase;
			buildActionMask = 2147483647;
			files = (
				D22108C11BDD680000852E6B /* Assets.xcassets in Resources */,
				D22108C41BDD680000852E6B /* MainMenu.xib in Resources */,
			);
			runOnlyForDeploymentPostprocessing = 0;
		};
		D228D6A01BDDE4BD00A88303 /* Resources */ = {
			isa = PBXResourcesBuildPhase;
			buildActionMask = 2147483647;
			files = (
			);
			runOnlyForDeploymentPostprocessing = 0;
		};
/* End PBXResourcesBuildPhase section */

/* Begin PBXShellScriptBuildPhase section */
		333870680E4B02C1CCB13404 /* Check Pods Manifest.lock */ = {
			isa = PBXShellScriptBuildPhase;
			buildActionMask = 2147483647;
			files = (
			);
			inputPaths = (
			);
			name = "Check Pods Manifest.lock";
			outputPaths = (
			);
			runOnlyForDeploymentPostprocessing = 0;
			shellPath = /bin/sh;
			shellScript = "diff \"${PODS_ROOT}/../Podfile.lock\" \"${PODS_ROOT}/Manifest.lock\" > /dev/null\nif [[ $? != 0 ]] ; then\n    cat << EOM\nerror: The sandbox is not in sync with the Podfile.lock. Run 'pod install' or update your CocoaPods installation.\nEOM\n    exit 1\nfi\n";
			showEnvVarsInLog = 0;
		};
		60D9EF7D8F5772F87702C2DE /* Copy Pods Resources */ = {
			isa = PBXShellScriptBuildPhase;
			buildActionMask = 2147483647;
			files = (
			);
			inputPaths = (
			);
			name = "Copy Pods Resources";
			outputPaths = (
			);
			runOnlyForDeploymentPostprocessing = 0;
			shellPath = /bin/sh;
			shellScript = "\"${SRCROOT}/Pods/Target Support Files/Pods-TMTTabBarDemo/Pods-TMTTabBarDemo-resources.sh\"\n";
			showEnvVarsInLog = 0;
		};
		BE4CF4B2E83EA6FDB5FE81BF /* Check Pods Manifest.lock */ = {
			isa = PBXShellScriptBuildPhase;
			buildActionMask = 2147483647;
			files = (
			);
			inputPaths = (
			);
			name = "Check Pods Manifest.lock";
			outputPaths = (
			);
			runOnlyForDeploymentPostprocessing = 0;
			shellPath = /bin/sh;
			shellScript = "diff \"${PODS_ROOT}/../Podfile.lock\" \"${PODS_ROOT}/Manifest.lock\" > /dev/null\nif [[ $? != 0 ]] ; then\n    cat << EOM\nerror: The sandbox is not in sync with the Podfile.lock. Run 'pod install' or update your CocoaPods installation.\nEOM\n    exit 1\nfi\n";
			showEnvVarsInLog = 0;
		};
		C62236B40E7F49E3AD78FC07 /* Embed Pods Frameworks */ = {
			isa = PBXShellScriptBuildPhase;
			buildActionMask = 2147483647;
			files = (
			);
			inputPaths = (
			);
			name = "Embed Pods Frameworks";
			outputPaths = (
			);
			runOnlyForDeploymentPostprocessing = 0;
			shellPath = /bin/sh;
			shellScript = "\"${SRCROOT}/Pods/Target Support Files/Pods-TMTTabBarDemo/Pods-TMTTabBarDemo-frameworks.sh\"\n";
			showEnvVarsInLog = 0;
		};
		DC00326AD36A3F50D70EB23C /* Embed Pods Frameworks */ = {
			isa = PBXShellScriptBuildPhase;
			buildActionMask = 2147483647;
			files = (
			);
			inputPaths = (
			);
			name = "Embed Pods Frameworks";
			outputPaths = (
			);
			runOnlyForDeploymentPostprocessing = 0;
			shellPath = /bin/sh;
			shellScript = "\"${SRCROOT}/Pods/Target Support Files/Pods-TMTTabBarTests/Pods-TMTTabBarTests-frameworks.sh\"\n";
			showEnvVarsInLog = 0;
		};
		F8FAB6404B48F20FFD813898 /* Copy Pods Resources */ = {
			isa = PBXShellScriptBuildPhase;
			buildActionMask = 2147483647;
			files = (
			);
			inputPaths = (
			);
			name = "Copy Pods Resources";
			outputPaths = (
			);
			runOnlyForDeploymentPostprocessing = 0;
			shellPath = /bin/sh;
			shellScript = "\"${SRCROOT}/Pods/Target Support Files/Pods-TMTTabBarTests/Pods-TMTTabBarTests-resources.sh\"\n";
			showEnvVarsInLog = 0;
		};
/* End PBXShellScriptBuildPhase section */

/* Begin PBXSourcesBuildPhase section */
		D22108951BDD67E400852E6B /* Sources */ = {
			isa = PBXSourcesBuildPhase;
			buildActionMask = 2147483647;
			files = (
				27DC2B5016ED4BF137675D07 /* TMTTabItemView.m in Sources */,
				27DC28047C3A78F9465B4AC7 /* TMTTabBarView.m in Sources */,
				27DC22E6B2597A09EB7FA09C /* TMTTabItemStyle.m in Sources */,
				27DC25AE666D97C26D30151F /* TMTTabItemStack.m in Sources */,
				27DC2CB1CE2691AB17A10A36 /* TMTTabItem.m in Sources */,
				27DC2474B5DF0F5284BE6BAE /* TMTTabTitleView.m in Sources */,
				27DC2042C88D46BCD42115EE /* NSTextFieldCell+VerticalAlignment.m in Sources */,
				27DC2921CE2FF544313F2B6A /* TMTTabViewContainer.m in Sources */,
				D2C57DDC1BE3D01B0056CF91 /* TMTTabViewController.m in Sources */,
				27DC21A83CD8F04B274AF337 /* TMTTabBarLayoutManager.m in Sources */,
				27DC2E4A913163FCB475630C /* TMTTabBarStyle.m in Sources */,
				27DC27C41B5F3588512DB305 /* TMTRenderingHints.m in Sources */,
			);
			runOnlyForDeploymentPostprocessing = 0;
		};
		D22108B41BDD680000852E6B /* Sources */ = {
			isa = PBXSourcesBuildPhase;
			buildActionMask = 2147483647;
			files = (
				D22108BF1BDD680000852E6B /* main.m in Sources */,
				D22108BC1BDD680000852E6B /* AppDelegate.m in Sources */,
			);
			runOnlyForDeploymentPostprocessing = 0;
		};
		D228D69E1BDDE4BD00A88303 /* Sources */ = {
			isa = PBXSourcesBuildPhase;
			buildActionMask = 2147483647;
			files = (
				D228D6A51BDDE4BD00A88303 /* TMTTabBarTests.m in Sources */,
				27DC2F008BB6C3FBF07F1399 /* TMTTabBarViewTest.m in Sources */,
				27DC221E5C0FCC19872C7292 /* TMTTabItemStackTest.m in Sources */,
			);
			runOnlyForDeploymentPostprocessing = 0;
		};
/* End PBXSourcesBuildPhase section */

/* Begin PBXTargetDependency section */
		D228D6A91BDDE4BD00A88303 /* PBXTargetDependency */ = {
			isa = PBXTargetDependency;
			target = D22108991BDD67E400852E6B /* TMTTabBar */;
			targetProxy = D228D6A81BDDE4BD00A88303 /* PBXContainerItemProxy */;
		};
/* End PBXTargetDependency section */

/* Begin PBXVariantGroup section */
		D22108C21BDD680000852E6B /* MainMenu.xib */ = {
			isa = PBXVariantGroup;
			children = (
				D22108C31BDD680000852E6B /* Base */,
			);
			name = MainMenu.xib;
			sourceTree = "<group>";
		};
/* End PBXVariantGroup section */

/* Begin XCBuildConfiguration section */
		D22108AC1BDD67E400852E6B /* Debug */ = {
			isa = XCBuildConfiguration;
			buildSettings = {
				ALWAYS_SEARCH_USER_PATHS = NO;
				CLANG_CXX_LANGUAGE_STANDARD = "gnu++0x";
				CLANG_CXX_LIBRARY = "libc++";
				CLANG_ENABLE_MODULES = YES;
				CLANG_ENABLE_OBJC_ARC = YES;
				CLANG_WARN_BOOL_CONVERSION = YES;
				CLANG_WARN_CONSTANT_CONVERSION = YES;
				CLANG_WARN_DIRECT_OBJC_ISA_USAGE = YES_ERROR;
				CLANG_WARN_EMPTY_BODY = YES;
				CLANG_WARN_ENUM_CONVERSION = YES;
				CLANG_WARN_INT_CONVERSION = YES;
				CLANG_WARN_OBJC_ROOT_CLASS = YES_ERROR;
				CLANG_WARN_UNREACHABLE_CODE = YES;
				CLANG_WARN__DUPLICATE_METHOD_MATCH = YES;
				CODE_SIGN_IDENTITY = "-";
				COPY_PHASE_STRIP = NO;
				CURRENT_PROJECT_VERSION = 1;
				DEBUG_INFORMATION_FORMAT = dwarf;
				ENABLE_STRICT_OBJC_MSGSEND = YES;
				ENABLE_TESTABILITY = YES;
				GCC_C_LANGUAGE_STANDARD = gnu99;
				GCC_DYNAMIC_NO_PIC = NO;
				GCC_NO_COMMON_BLOCKS = YES;
				GCC_OPTIMIZATION_LEVEL = 0;
				GCC_PREPROCESSOR_DEFINITIONS = (
					"DEBUG=1",
					"$(inherited)",
				);
				GCC_WARN_64_TO_32_BIT_CONVERSION = YES;
				GCC_WARN_ABOUT_RETURN_TYPE = YES_ERROR;
				GCC_WARN_UNDECLARED_SELECTOR = YES;
				GCC_WARN_UNINITIALIZED_AUTOS = YES_AGGRESSIVE;
				GCC_WARN_UNUSED_FUNCTION = YES;
				GCC_WARN_UNUSED_VARIABLE = YES;
				MACOSX_DEPLOYMENT_TARGET = 10.10;
				MTL_ENABLE_DEBUG_INFO = YES;
				ONLY_ACTIVE_ARCH = YES;
				SDKROOT = macosx;
				VERSIONING_SYSTEM = "apple-generic";
				VERSION_INFO_PREFIX = "";
			};
			name = Debug;
		};
		D22108AD1BDD67E400852E6B /* Release */ = {
			isa = XCBuildConfiguration;
			buildSettings = {
				ALWAYS_SEARCH_USER_PATHS = NO;
				CLANG_CXX_LANGUAGE_STANDARD = "gnu++0x";
				CLANG_CXX_LIBRARY = "libc++";
				CLANG_ENABLE_MODULES = YES;
				CLANG_ENABLE_OBJC_ARC = YES;
				CLANG_WARN_BOOL_CONVERSION = YES;
				CLANG_WARN_CONSTANT_CONVERSION = YES;
				CLANG_WARN_DIRECT_OBJC_ISA_USAGE = YES_ERROR;
				CLANG_WARN_EMPTY_BODY = YES;
				CLANG_WARN_ENUM_CONVERSION = YES;
				CLANG_WARN_INT_CONVERSION = YES;
				CLANG_WARN_OBJC_ROOT_CLASS = YES_ERROR;
				CLANG_WARN_UNREACHABLE_CODE = YES;
				CLANG_WARN__DUPLICATE_METHOD_MATCH = YES;
				CODE_SIGN_IDENTITY = "-";
				COPY_PHASE_STRIP = NO;
				CURRENT_PROJECT_VERSION = 1;
				DEBUG_INFORMATION_FORMAT = "dwarf-with-dsym";
				ENABLE_NS_ASSERTIONS = NO;
				ENABLE_STRICT_OBJC_MSGSEND = YES;
				GCC_C_LANGUAGE_STANDARD = gnu99;
				GCC_NO_COMMON_BLOCKS = YES;
				GCC_WARN_64_TO_32_BIT_CONVERSION = YES;
				GCC_WARN_ABOUT_RETURN_TYPE = YES_ERROR;
				GCC_WARN_UNDECLARED_SELECTOR = YES;
				GCC_WARN_UNINITIALIZED_AUTOS = YES_AGGRESSIVE;
				GCC_WARN_UNUSED_FUNCTION = YES;
				GCC_WARN_UNUSED_VARIABLE = YES;
				MACOSX_DEPLOYMENT_TARGET = 10.10;
				MTL_ENABLE_DEBUG_INFO = NO;
				SDKROOT = macosx;
				VERSIONING_SYSTEM = "apple-generic";
				VERSION_INFO_PREFIX = "";
			};
			name = Release;
		};
		D22108AF1BDD67E400852E6B /* Debug */ = {
			isa = XCBuildConfiguration;
			buildSettings = {
				COMBINE_HIDPI_IMAGES = YES;
				DEFINES_MODULE = YES;
				DYLIB_COMPATIBILITY_VERSION = 1;
				DYLIB_CURRENT_VERSION = 1;
				DYLIB_INSTALL_NAME_BASE = "@rpath";
				FRAMEWORK_VERSION = A;
				INFOPLIST_FILE = "$(SRCROOT)/TMTTabBar/Info.plist";
				INSTALL_PATH = "$(LOCAL_LIBRARY_DIR)/Frameworks";
				LD_RUNPATH_SEARCH_PATHS = "$(inherited) @executable_path/../Frameworks @loader_path/Frameworks";
				PRODUCT_BUNDLE_IDENTIFIER = de.tobiasmende.TMTTabBar;
				PRODUCT_NAME = "$(TARGET_NAME)";
				SKIP_INSTALL = YES;
			};
			name = Debug;
		};
		D22108B01BDD67E400852E6B /* Release */ = {
			isa = XCBuildConfiguration;
			buildSettings = {
				COMBINE_HIDPI_IMAGES = YES;
				DEFINES_MODULE = YES;
				DYLIB_COMPATIBILITY_VERSION = 1;
				DYLIB_CURRENT_VERSION = 1;
				DYLIB_INSTALL_NAME_BASE = "@rpath";
				FRAMEWORK_VERSION = A;
				INFOPLIST_FILE = "$(SRCROOT)/TMTTabBar/Info.plist";
				INSTALL_PATH = "$(LOCAL_LIBRARY_DIR)/Frameworks";
				LD_RUNPATH_SEARCH_PATHS = "$(inherited) @executable_path/../Frameworks @loader_path/Frameworks";
				PRODUCT_BUNDLE_IDENTIFIER = de.tobiasmende.TMTTabBar;
				PRODUCT_NAME = "$(TARGET_NAME)";
				SKIP_INSTALL = YES;
			};
			name = Release;
		};
		D22108C71BDD680000852E6B /* Debug */ = {
			isa = XCBuildConfiguration;
			baseConfigurationReference = A3606C787B438A0487DE49B6 /* Pods-TMTTabBarDemo.debug.xcconfig */;
			buildSettings = {
				ASSETCATALOG_COMPILER_APPICON_NAME = AppIcon;
				COMBINE_HIDPI_IMAGES = YES;
				INFOPLIST_FILE = TMTTabBarDemo/Info.plist;
				LD_RUNPATH_SEARCH_PATHS = "$(inherited) @executable_path/../Frameworks";
				PRODUCT_BUNDLE_IDENTIFIER = de.tobiasmende.TMTTabBarDemo;
				PRODUCT_NAME = "$(TARGET_NAME)";
			};
			name = Debug;
		};
		D22108C81BDD680000852E6B /* Release */ = {
			isa = XCBuildConfiguration;
			baseConfigurationReference = 8BE190AFB923B1D6301DF3E0 /* Pods-TMTTabBarDemo.release.xcconfig */;
			buildSettings = {
				ASSETCATALOG_COMPILER_APPICON_NAME = AppIcon;
				COMBINE_HIDPI_IMAGES = YES;
				INFOPLIST_FILE = TMTTabBarDemo/Info.plist;
				LD_RUNPATH_SEARCH_PATHS = "$(inherited) @executable_path/../Frameworks";
				PRODUCT_BUNDLE_IDENTIFIER = de.tobiasmende.TMTTabBarDemo;
				PRODUCT_NAME = "$(TARGET_NAME)";
			};
			name = Release;
		};
		D228D6AB1BDDE4BD00A88303 /* Debug */ = {
			isa = XCBuildConfiguration;
			baseConfigurationReference = B07D4565316AE779BB11F1EE /* Pods-TMTTabBarTests.debug.xcconfig */;
			buildSettings = {
				COMBINE_HIDPI_IMAGES = YES;
				INFOPLIST_FILE = TMTTabBarTests/Info.plist;
				LD_RUNPATH_SEARCH_PATHS = "$(inherited) @executable_path/../Frameworks @loader_path/../Frameworks";
				PRODUCT_BUNDLE_IDENTIFIER = de.tobiasmende.TMTTabBarTests;
				PRODUCT_NAME = "$(TARGET_NAME)";
			};
			name = Debug;
		};
		D228D6AC1BDDE4BD00A88303 /* Release */ = {
			isa = XCBuildConfiguration;
			baseConfigurationReference = 2A617DA777F0F02A7CC641AB /* Pods-TMTTabBarTests.release.xcconfig */;
			buildSettings = {
				COMBINE_HIDPI_IMAGES = YES;
				INFOPLIST_FILE = TMTTabBarTests/Info.plist;
				LD_RUNPATH_SEARCH_PATHS = "$(inherited) @executable_path/../Frameworks @loader_path/../Frameworks";
				PRODUCT_BUNDLE_IDENTIFIER = de.tobiasmende.TMTTabBarTests;
				PRODUCT_NAME = "$(TARGET_NAME)";
			};
			name = Release;
		};
/* End XCBuildConfiguration section */

/* Begin XCConfigurationList section */
		D22108941BDD67E400852E6B /* Build configuration list for PBXProject "TMTTabBar" */ = {
			isa = XCConfigurationList;
			buildConfigurations = (
				D22108AC1BDD67E400852E6B /* Debug */,
				D22108AD1BDD67E400852E6B /* Release */,
			);
			defaultConfigurationIsVisible = 0;
			defaultConfigurationName = Release;
		};
		D22108AE1BDD67E400852E6B /* Build configuration list for PBXNativeTarget "TMTTabBar" */ = {
			isa = XCConfigurationList;
			buildConfigurations = (
				D22108AF1BDD67E400852E6B /* Debug */,
				D22108B01BDD67E400852E6B /* Release */,
			);
			defaultConfigurationIsVisible = 0;
			defaultConfigurationName = Release;
		};
		D22108C61BDD680000852E6B /* Build configuration list for PBXNativeTarget "TMTTabBarDemo" */ = {
			isa = XCConfigurationList;
			buildConfigurations = (
				D22108C71BDD680000852E6B /* Debug */,
				D22108C81BDD680000852E6B /* Release */,
			);
			defaultConfigurationIsVisible = 0;
			defaultConfigurationName = Release;
		};
		D228D6AA1BDDE4BD00A88303 /* Build configuration list for PBXNativeTarget "TMTTabBarTests" */ = {
			isa = XCConfigurationList;
			buildConfigurations = (
				D228D6AB1BDDE4BD00A88303 /* Debug */,
				D228D6AC1BDDE4BD00A88303 /* Release */,
			);
			defaultConfigurationIsVisible = 0;
			defaultConfigurationName = Release;
		};
/* End XCConfigurationList section */
	};
	rootObject = D22108911BDD67E400852E6B /* Project object */;
}
